
Microsoft Visual Studio Solution File, Format Version 12.00
# Visual Studio Version 17
VisualStudioVersion = 17.14.37111.16 d17.14
MinimumVisualStudioVersion = 10.0.40219.1
Project("{FAE04EC0-301F-11D3-BF4B-00C04F79EFBC}") = "GoWest_Backoffice", "GoWest_Backoffice\GoWest_Backoffice.csproj", "{D13119E6-7EB5-4D02-9BC7-411439765E1D}"
EndProject
Project("{FAE04EC0-301F-11D3-BF4B-00C04F79EFBC}") = "Business", "Business\Business.csproj", "{F39A84CD-2F61-4DD1-8536-38A5AEF39198}"
EndProject
Project("{FAE04EC0-301F-11D3-BF4B-00C04F79EFBC}") = "Data", "Data\Data.csproj", "{7A81C69A-9951-4999-9A85-EEA4036D442E}"
EndProject
Global
	GlobalSection(SolutionConfigurationPlatforms) = preSolution
		Debug|Any CPU = Debug|Any CPU
		Release|Any CPU = Release|Any CPU
	EndGlobalSection
	GlobalSection(ProjectConfigurationPlatforms) = postSolution
		{D13119E6-7EB5-4D02-9BC7-411439765E1D}.Debug|Any CPU.ActiveCfg = Debug|Any CPU
		{D13119E6-7EB5-4D02-9BC7-411439765E1D}.Debug|Any CPU.Build.0 = Debug|Any CPU
		{D13119E6-7EB5-4D02-9BC7-411439765E1D}.Release|Any CPU.ActiveCfg = Release|Any CPU
		{D13119E6-7EB5-4D02-9BC7-411439765E1D}.Release|Any CPU.Build.0 = Release|Any CPU
		{F39A84CD-2F61-4DD1-8536-38A5AEF39198}.Debug|Any CPU.ActiveCfg = Debug|Any CPU
		{F39A84CD-2F61-4DD1-8536-38A5AEF39198}.Debug|Any CPU.Build.0 = Debug|Any CPU
		{F39A84CD-2F61-4DD1-8536-38A5AEF39198}.Release|Any CPU.ActiveCfg = Release|Any CPU
		{F39A84CD-2F61-4DD1-8536-38A5AEF39198}.Release|Any CPU.Build.0 = Release|Any CPU
		{7A81C69A-9951-4999-9A85-EEA4036D442E}.Debug|Any CPU.ActiveCfg = Debug|Any CPU
		{7A81C69A-9951-4999-9A85-EEA4036D442E}.Debug|Any CPU.Build.0 = Debug|Any CPU
		{7A81C69A-9951-4999-9A85-EEA4036D442E}.Release|Any CPU.ActiveCfg = Release|Any CPU
		{7A81C69A-9951-4999-9A85-EEA4036D442E}.Release|Any CPU.Build.0 = Release|Any CPU
	EndGlobalSection
	GlobalSection(SolutionProperties) = preSolution
		HideSolutionNode = FALSE
	EndGlobalSection
	GlobalSection(ExtensibilityGlobals) = postSolution
		SolutionGuid = {4183E9B5-034D-4D05-BB44-101E674CA5EC}
	EndGlobalSection
EndGlobal
